
Microsoft Visual Studio Solution File, Format Version 12.00
# Visual Studio Version 17
VisualStudioVersion = 17.0.32014.148
MinimumVisualStudioVersion = 10.0.40219.1
Project("{FAE04EC0-301F-11D3-BF4B-00C04F79EFBC}") = "Ejemplo1", "Guia 1 PED VJ210576\Ejemplo1.csproj", "{FB9605A9-E0C9-4DB6-B447-48EE7B84ADC4}"
EndProject
Project("{FAE04EC0-301F-11D3-BF4B-00C04F79EFBC}") = "Ejemplo3", "Ejemplo3\Ejemplo3.csproj", "{999B2D64-F62A-4E2A-A13A-9E9D6FC411B2}"
EndProject
Project("{FAE04EC0-301F-11D3-BF4B-00C04F79EFBC}") = "Ejemplo2", "Ejemplo2\Ejemplo2\Ejemplo2.csproj", "{B764B6AB-98F7-4FB5-8806-DA14EA001D75}"
EndProject
Project("{FAE04EC0-301F-11D3-BF4B-00C04F79EFBC}") = "Ejemplo4", "Ejemplo4\Ejemplo4.csproj", "{3A828FB8-6844-47E5-997F-A2CED179888E}"
EndProject
Project("{FAE04EC0-301F-11D3-BF4B-00C04F79EFBC}") = "Ejemplo5", "Ejemplo5\Ejemplo5.csproj", "{D6104215-4DE3-44DC-89B5-3E3B8C9F1527}"
EndProject
Global
	GlobalSection(SolutionConfigurationPlatforms) = preSolution
		Debug|Any CPU = Debug|Any CPU
		Release|Any CPU = Release|Any CPU
	EndGlobalSection
	GlobalSection(ProjectConfigurationPlatforms) = postSolution
		{FB9605A9-E0C9-4DB6-B447-48EE7B84ADC4}.Debug|Any CPU.ActiveCfg = Debug|Any CPU
		{FB9605A9-E0C9-4DB6-B447-48EE7B84ADC4}.Debug|Any CPU.Build.0 = Debug|Any CPU
		{FB9605A9-E0C9-4DB6-B447-48EE7B84ADC4}.Release|Any CPU.ActiveCfg = Release|Any CPU
		{FB9605A9-E0C9-4DB6-B447-48EE7B84ADC4}.Release|Any CPU.Build.0 = Release|Any CPU
		{999B2D64-F62A-4E2A-A13A-9E9D6FC411B2}.Debug|Any CPU.ActiveCfg = Debug|Any CPU
		{999B2D64-F62A-4E2A-A13A-9E9D6FC411B2}.Debug|Any CPU.Build.0 = Debug|Any CPU
		{999B2D64-F62A-4E2A-A13A-9E9D6FC411B2}.Release|Any CPU.ActiveCfg = Release|Any CPU
		{999B2D64-F62A-4E2A-A13A-9E9D6FC411B2}.Release|Any CPU.Build.0 = Release|Any CPU
		{B764B6AB-98F7-4FB5-8806-DA14EA001D75}.Debug|Any CPU.ActiveCfg = Debug|Any CPU
		{B764B6AB-98F7-4FB5-8806-DA14EA001D75}.Debug|Any CPU.Build.0 = Debug|Any CPU
		{B764B6AB-98F7-4FB5-8806-DA14EA001D75}.Release|Any CPU.ActiveCfg = Release|Any CPU
		{B764B6AB-98F7-4FB5-8806-DA14EA001D75}.Release|Any CPU.Build.0 = Release|Any CPU
		{3A828FB8-6844-47E5-997F-A2CED179888E}.Debug|Any CPU.ActiveCfg = Debug|Any CPU
		{3A828FB8-6844-47E5-997F-A2CED179888E}.Debug|Any CPU.Build.0 = Debug|Any CPU
		{3A828FB8-6844-47E5-997F-A2CED179888E}.Release|Any CPU.ActiveCfg = Release|Any CPU
		{3A828FB8-6844-47E5-997F-A2CED179888E}.Release|Any CPU.Build.0 = Release|Any CPU
		{D6104215-4DE3-44DC-89B5-3E3B8C9F1527}.Debug|Any CPU.ActiveCfg = Debug|Any CPU
		{D6104215-4DE3-44DC-89B5-3E3B8C9F1527}.Debug|Any CPU.Build.0 = Debug|Any CPU
		{D6104215-4DE3-44DC-89B5-3E3B8C9F1527}.Release|Any CPU.ActiveCfg = Release|Any CPU
		{D6104215-4DE3-44DC-89B5-3E3B8C9F1527}.Release|Any CPU.Build.0 = Release|Any CPU
	EndGlobalSection
	GlobalSection(SolutionProperties) = preSolution
		HideSolutionNode = FALSE
	EndGlobalSection
	GlobalSection(ExtensibilityGlobals) = postSolution
		SolutionGuid = {C1DD779B-1B1A-469B-8785-EFFB8E1DFBF7}
	EndGlobalSection
EndGlobal
